
Microsoft Visual Studio Solution File, Format Version 12.00
# Visual Studio Version 16
VisualStudioVersion = 16.0.31025.194
MinimumVisualStudioVersion = 10.0.40219.1
Project("{FAE04EC0-301F-11D3-BF4B-00C04F79EFBC}") = "ListViewExample.Android", "ListViewExample\ListViewExample.Android\ListViewExample.Android.csproj", "{3DAD6612-AC2D-4F64-BAB8-82EEAE3E4915}"
EndProject
Project("{FAE04EC0-301F-11D3-BF4B-00C04F79EFBC}") = "ListViewExample.iOS", "ListViewExample\ListViewExample.iOS\ListViewExample.iOS.csproj", "{76EE70FF-34CF-4257-AD04-6FDB63D8814E}"
EndProject
Project("{FAE04EC0-301F-11D3-BF4B-00C04F79EFBC}") = "ListViewExample", "ListViewExample\ListViewExample\ListViewExample.csproj", "{F6BD6CAB-C2BC-49C9-9618-775BAFDC03AD}"
EndProject
Global
	GlobalSection(SolutionConfigurationPlatforms) = preSolution
		Debug|Any CPU = Debug|Any CPU
		Debug|iPhone = Debug|iPhone
		Debug|iPhoneSimulator = Debug|iPhoneSimulator
		Release|Any CPU = Release|Any CPU
		Release|iPhone = Release|iPhone
		Release|iPhoneSimulator = Release|iPhoneSimulator
	EndGlobalSection
	GlobalSection(ProjectConfigurationPlatforms) = postSolution
		{3DAD6612-AC2D-4F64-BAB8-82EEAE3E4915}.Debug|Any CPU.ActiveCfg = Debug|Any CPU
		{3DAD6612-AC2D-4F64-BAB8-82EEAE3E4915}.Debug|Any CPU.Build.0 = Debug|Any CPU
		{3DAD6612-AC2D-4F64-BAB8-82EEAE3E4915}.Debug|Any CPU.Deploy.0 = Debug|Any CPU
		{3DAD6612-AC2D-4F64-BAB8-82EEAE3E4915}.Debug|iPhone.ActiveCfg = Debug|Any CPU
		{3DAD6612-AC2D-4F64-BAB8-82EEAE3E4915}.Debug|iPhone.Build.0 = Debug|Any CPU
		{3DAD6612-AC2D-4F64-BAB8-82EEAE3E4915}.Debug|iPhone.Deploy.0 = Debug|Any CPU
		{3DAD6612-AC2D-4F64-BAB8-82EEAE3E4915}.Debug|iPhoneSimulator.ActiveCfg = Debug|Any CPU
		{3DAD6612-AC2D-4F64-BAB8-82EEAE3E4915}.Debug|iPhoneSimulator.Build.0 = Debug|Any CPU
		{3DAD6612-AC2D-4F64-BAB8-82EEAE3E4915}.Debug|iPhoneSimulator.Deploy.0 = Debug|Any CPU
		{3DAD6612-AC2D-4F64-BAB8-82EEAE3E4915}.Release|Any CPU.ActiveCfg = Release|Any CPU
		{3DAD6612-AC2D-4F64-BAB8-82EEAE3E4915}.Release|Any CPU.Build.0 = Release|Any CPU
		{3DAD6612-AC2D-4F64-BAB8-82EEAE3E4915}.Release|Any CPU.Deploy.0 = Release|Any CPU
		{3DAD6612-AC2D-4F64-BAB8-82EEAE3E4915}.Release|iPhone.ActiveCfg = Release|Any CPU
		{3DAD6612-AC2D-4F64-BAB8-82EEAE3E4915}.Release|iPhone.Build.0 = Release|Any CPU
		{3DAD6612-AC2D-4F64-BAB8-82EEAE3E4915}.Release|iPhone.Deploy.0 = Release|Any CPU
		{3DAD6612-AC2D-4F64-BAB8-82EEAE3E4915}.Release|iPhoneSimulator.ActiveCfg = Release|Any CPU
		{3DAD6612-AC2D-4F64-BAB8-82EEAE3E4915}.Release|iPhoneSimulator.Build.0 = Release|Any CPU
		{3DAD6612-AC2D-4F64-BAB8-82EEAE3E4915}.Release|iPhoneSimulator.Deploy.0 = Release|Any CPU
		{76EE70FF-34CF-4257-AD04-6FDB63D8814E}.Debug|Any CPU.ActiveCfg = Debug|iPhone
		{76EE70FF-34CF-4257-AD04-6FDB63D8814E}.Debug|Any CPU.Build.0 = Debug|iPhone
		{76EE70FF-34CF-4257-AD04-6FDB63D8814E}.Debug|Any CPU.Deploy.0 = Debug|iPhone
		{76EE70FF-34CF-4257-AD04-6FDB63D8814E}.Debug|iPhone.ActiveCfg = Debug|iPhone
		{76EE70FF-34CF-4257-AD04-6FDB63D8814E}.Debug|iPhone.Build.0 = Debug|iPhone
		{76EE70FF-34CF-4257-AD04-6FDB63D8814E}.Debug|iPhone.Deploy.0 = Debug|iPhone
		{76EE70FF-34CF-4257-AD04-6FDB63D8814E}.Debug|iPhoneSimulator.ActiveCfg = Debug|iPhoneSimulator
		{76EE70FF-34CF-4257-AD04-6FDB63D8814E}.Debug|iPhoneSimulator.Build.0 = Debug|iPhoneSimulator
		{76EE70FF-34CF-4257-AD04-6FDB63D8814E}.Debug|iPhoneSimulator.Deploy.0 = Debug|iPhoneSimulator
		{76EE70FF-34CF-4257-AD04-6FDB63D8814E}.Release|Any CPU.ActiveCfg = Release|iPhoneSimulator
		{76EE70FF-34CF-4257-AD04-6FDB63D8814E}.Release|Any CPU.Build.0 = Release|iPhoneSimulator
		{76EE70FF-34CF-4257-AD04-6FDB63D8814E}.Release|Any CPU.Deploy.0 = Release|iPhoneSimulator
		{76EE70FF-34CF-4257-AD04-6FDB63D8814E}.Release|iPhone.ActiveCfg = Release|iPhone
		{76EE70FF-34CF-4257-AD04-6FDB63D8814E}.Release|iPhone.Build.0 = Release|iPhone
		{76EE70FF-34CF-4257-AD04-6FDB63D8814E}.Release|iPhone.Deploy.0 = Release|iPhone
		{76EE70FF-34CF-4257-AD04-6FDB63D8814E}.Release|iPhoneSimulator.ActiveCfg = Release|iPhoneSimulator
		{76EE70FF-34CF-4257-AD04-6FDB63D8814E}.Release|iPhoneSimulator.Build.0 = Release|iPhoneSimulator
		{76EE70FF-34CF-4257-AD04-6FDB63D8814E}.Release|iPhoneSimulator.Deploy.0 = Release|iPhoneSimulator
		{F6BD6CAB-C2BC-49C9-9618-775BAFDC03AD}.Debug|Any CPU.ActiveCfg = Debug|Any CPU
		{F6BD6CAB-C2BC-49C9-9618-775BAFDC03AD}.Debug|Any CPU.Build.0 = Debug|Any CPU
		{F6BD6CAB-C2BC-49C9-9618-775BAFDC03AD}.Debug|Any CPU.Deploy.0 = Debug|Any CPU
		{F6BD6CAB-C2BC-49C9-9618-775BAFDC03AD}.Debug|iPhone.ActiveCfg = Debug|Any CPU
		{F6BD6CAB-C2BC-49C9-9618-775BAFDC03AD}.Debug|iPhone.Build.0 = Debug|Any CPU
		{F6BD6CAB-C2BC-49C9-9618-775BAFDC03AD}.Debug|iPhone.Deploy.0 = Debug|Any CPU
		{F6BD6CAB-C2BC-49C9-9618-775BAFDC03AD}.Debug|iPhoneSimulator.ActiveCfg = Debug|Any CPU
		{F6BD6CAB-C2BC-49C9-9618-775BAFDC03AD}.Debug|iPhoneSimulator.Build.0 = Debug|Any CPU
		{F6BD6CAB-C2BC-49C9-9618-775BAFDC03AD}.Debug|iPhoneSimulator.Deploy.0 = Debug|Any CPU
		{F6BD6CAB-C2BC-49C9-9618-775BAFDC03AD}.Release|Any CPU.ActiveCfg = Release|Any CPU
		{F6BD6CAB-C2BC-49C9-9618-775BAFDC03AD}.Release|Any CPU.Build.0 = Release|Any CPU
		{F6BD6CAB-C2BC-49C9-9618-775BAFDC03AD}.Release|Any CPU.Deploy.0 = Release|Any CPU
		{F6BD6CAB-C2BC-49C9-9618-775BAFDC03AD}.Release|iPhone.ActiveCfg = Release|Any CPU
		{F6BD6CAB-C2BC-49C9-9618-775BAFDC03AD}.Release|iPhone.Build.0 = Release|Any CPU
		{F6BD6CAB-C2BC-49C9-9618-775BAFDC03AD}.Release|iPhone.Deploy.0 = Release|Any CPU
		{F6BD6CAB-C2BC-49C9-9618-775BAFDC03AD}.Release|iPhoneSimulator.ActiveCfg = Release|Any CPU
		{F6BD6CAB-C2BC-49C9-9618-775BAFDC03AD}.Release|iPhoneSimulator.Build.0 = Release|Any CPU
		{F6BD6CAB-C2BC-49C9-9618-775BAFDC03AD}.Release|iPhoneSimulator.Deploy.0 = Release|Any CPU
	EndGlobalSection
	GlobalSection(SolutionProperties) = preSolution
		HideSolutionNode = FALSE
	EndGlobalSection
	GlobalSection(ExtensibilityGlobals) = postSolution
		SolutionGuid = {53152F08-F34E-4E1A-995B-B7CAB2F6C270}
	EndGlobalSection
EndGlobal
